
Microsoft Visual Studio Solution File, Format Version 12.00
# Visual Studio 14
VisualStudioVersion = 14.0.25420.1
MinimumVisualStudioVersion = 10.0.40219.1
Project("{FAE04EC0-301F-11D3-BF4B-00C04F79EFBC}") = "SignalRChat", "SignalRChat\SignalRChat.csproj", "{5988161C-0EE4-4308-9837-92026CF7788E}"
EndProject
Project("{FAE04EC0-301F-11D3-BF4B-00C04F79EFBC}") = "SignalRChat.Tests", "SignalRChat.Tests\SignalRChat.Tests.csproj", "{8BD0D49B-F709-4685-BDC7-CD9BCD0BCD74}"
EndProject
Project("{FAE04EC0-301F-11D3-BF4B-00C04F79EFBC}") = "WebApp", "WebApp\WebApp.csproj", "{4A3C2C14-9358-4E3A-AC1A-16C2B8D02934}"
EndProject
Global
	GlobalSection(SolutionConfigurationPlatforms) = preSolution
		Debug|Any CPU = Debug|Any CPU
		Release|Any CPU = Release|Any CPU
	EndGlobalSection
	GlobalSection(ProjectConfigurationPlatforms) = postSolution
		{5988161C-0EE4-4308-9837-92026CF7788E}.Debug|Any CPU.ActiveCfg = Debug|Any CPU
		{5988161C-0EE4-4308-9837-92026CF7788E}.Debug|Any CPU.Build.0 = Debug|Any CPU
		{5988161C-0EE4-4308-9837-92026CF7788E}.Release|Any CPU.ActiveCfg = Release|Any CPU
		{5988161C-0EE4-4308-9837-92026CF7788E}.Release|Any CPU.Build.0 = Release|Any CPU
		{8BD0D49B-F709-4685-BDC7-CD9BCD0BCD74}.Debug|Any CPU.ActiveCfg = Debug|Any CPU
		{8BD0D49B-F709-4685-BDC7-CD9BCD0BCD74}.Debug|Any CPU.Build.0 = Debug|Any CPU
		{8BD0D49B-F709-4685-BDC7-CD9BCD0BCD74}.Release|Any CPU.ActiveCfg = Release|Any CPU
		{8BD0D49B-F709-4685-BDC7-CD9BCD0BCD74}.Release|Any CPU.Build.0 = Release|Any CPU
		{4A3C2C14-9358-4E3A-AC1A-16C2B8D02934}.Debug|Any CPU.ActiveCfg = Debug|Any CPU
		{4A3C2C14-9358-4E3A-AC1A-16C2B8D02934}.Debug|Any CPU.Build.0 = Debug|Any CPU
		{4A3C2C14-9358-4E3A-AC1A-16C2B8D02934}.Release|Any CPU.ActiveCfg = Release|Any CPU
		{4A3C2C14-9358-4E3A-AC1A-16C2B8D02934}.Release|Any CPU.Build.0 = Release|Any CPU
	EndGlobalSection
	GlobalSection(SolutionProperties) = preSolution
		HideSolutionNode = FALSE
	EndGlobalSection
EndGlobal
